
Microsoft Visual Studio Solution File, Format Version 12.00
# Visual Studio Version 16
VisualStudioVersion = 16.0.31829.152
MinimumVisualStudioVersion = 10.0.40219.1
Project("{FAE04EC0-301F-11D3-BF4B-00C04F79EFBC}") = "DAY14Project", "DAY14Project\DAY14Project.csproj", "{9C2D386D-0D38-4114-BA00-C10452E8D221}"
EndProject
Global
	GlobalSection(SolutionConfigurationPlatforms) = preSolution
		Debug|Any CPU = Debug|Any CPU
		Release|Any CPU = Release|Any CPU
	EndGlobalSection
	GlobalSection(ProjectConfigurationPlatforms) = postSolution
		{9C2D386D-0D38-4114-BA00-C10452E8D221}.Debug|Any CPU.ActiveCfg = Debug|Any CPU
		{9C2D386D-0D38-4114-BA00-C10452E8D221}.Debug|Any CPU.Build.0 = Debug|Any CPU
		{9C2D386D-0D38-4114-BA00-C10452E8D221}.Release|Any CPU.ActiveCfg = Release|Any CPU
		{9C2D386D-0D38-4114-BA00-C10452E8D221}.Release|Any CPU.Build.0 = Release|Any CPU
	EndGlobalSection
	GlobalSection(SolutionProperties) = preSolution
		HideSolutionNode = FALSE
	EndGlobalSection
	GlobalSection(ExtensibilityGlobals) = postSolution
		SolutionGuid = {1EE35B00-16AE-4F6C-BF06-3FE1E9360579}
	EndGlobalSection
EndGlobal
